
Microsoft Visual Studio Solution File, Format Version 12.00
# Visual Studio Version 16
VisualStudioVersion = 16.0.29905.134
MinimumVisualStudioVersion = 10.0.40219.1
Project("{FAE04EC0-301F-11D3-BF4B-00C04F79EFBC}") = "OdeToFood.Web", "OdeToFood.Web\OdeToFood.Web.csproj", "{06B9AEF7-6388-42B4-BF14-F673552DB1B8}"
EndProject
Project("{FAE04EC0-301F-11D3-BF4B-00C04F79EFBC}") = "OdeToFood.Data", "OdeToFood.Data\OdeToFood.Data.csproj", "{1955A3A9-F73F-447C-9E19-EE2C562A4A46}"
EndProject
Global
	GlobalSection(SolutionConfigurationPlatforms) = preSolution
		Debug|Any CPU = Debug|Any CPU
		Release|Any CPU = Release|Any CPU
	EndGlobalSection
	GlobalSection(ProjectConfigurationPlatforms) = postSolution
		{06B9AEF7-6388-42B4-BF14-F673552DB1B8}.Debug|Any CPU.ActiveCfg = Debug|Any CPU
		{06B9AEF7-6388-42B4-BF14-F673552DB1B8}.Debug|Any CPU.Build.0 = Debug|Any CPU
		{06B9AEF7-6388-42B4-BF14-F673552DB1B8}.Release|Any CPU.ActiveCfg = Release|Any CPU
		{06B9AEF7-6388-42B4-BF14-F673552DB1B8}.Release|Any CPU.Build.0 = Release|Any CPU
		{1955A3A9-F73F-447C-9E19-EE2C562A4A46}.Debug|Any CPU.ActiveCfg = Debug|Any CPU
		{1955A3A9-F73F-447C-9E19-EE2C562A4A46}.Debug|Any CPU.Build.0 = Debug|Any CPU
		{1955A3A9-F73F-447C-9E19-EE2C562A4A46}.Release|Any CPU.ActiveCfg = Release|Any CPU
		{1955A3A9-F73F-447C-9E19-EE2C562A4A46}.Release|Any CPU.Build.0 = Release|Any CPU
	EndGlobalSection
	GlobalSection(SolutionProperties) = preSolution
		HideSolutionNode = FALSE
	EndGlobalSection
	GlobalSection(ExtensibilityGlobals) = postSolution
		SolutionGuid = {13121036-719E-4A65-B36D-CE7BD0B2398D}
	EndGlobalSection
EndGlobal
